
Microsoft Visual Studio Solution File, Format Version 12.00
# Visual Studio 14
VisualStudioVersion = 14.0.25420.1
MinimumVisualStudioVersion = 10.0.40219.1
Project("{FAE04EC0-301F-11D3-BF4B-00C04F79EFBC}") = "AppBiblia.BL", "AppBiblia.BL\AppBiblia.BL.csproj", "{F001AFB1-4612-4CE4-BCBF-B582745BA7CC}"
EndProject
Global
	GlobalSection(SolutionConfigurationPlatforms) = preSolution
		Debug|Any CPU = Debug|Any CPU
		Release|Any CPU = Release|Any CPU
	EndGlobalSection
	GlobalSection(ProjectConfigurationPlatforms) = postSolution
		{F001AFB1-4612-4CE4-BCBF-B582745BA7CC}.Debug|Any CPU.ActiveCfg = Debug|Any CPU
		{F001AFB1-4612-4CE4-BCBF-B582745BA7CC}.Debug|Any CPU.Build.0 = Debug|Any CPU
		{F001AFB1-4612-4CE4-BCBF-B582745BA7CC}.Release|Any CPU.ActiveCfg = Release|Any CPU
		{F001AFB1-4612-4CE4-BCBF-B582745BA7CC}.Release|Any CPU.Build.0 = Release|Any CPU
	EndGlobalSection
	GlobalSection(SolutionProperties) = preSolution
		HideSolutionNode = FALSE
	EndGlobalSection
EndGlobal
